
Microsoft Visual Studio Solution File, Format Version 12.00
# Visual Studio Version 17
VisualStudioVersion = 17.5.33530.505
MinimumVisualStudioVersion = 10.0.40219.1
Project("{9A19103F-16F7-4668-BE54-9A1E7A4F7556}") = "Task1", "Task1\Task1.csproj", "{8C647A10-607C-4BD1-9F7B-4FA0684060C8}"
EndProject
Project("{9A19103F-16F7-4668-BE54-9A1E7A4F7556}") = "Task2", "Task2\Task2.csproj", "{3A7DF5D0-85AF-4CF3-AEFB-50ECCDF25367}"
EndProject
Project("{FAE04EC0-301F-11D3-BF4B-00C04F79EFBC}") = "Task3", "Task3\Task3.csproj", "{03FFF8A0-00E9-4C9C-9DA7-0973715FCADD}"
EndProject
Project("{FAE04EC0-301F-11D3-BF4B-00C04F79EFBC}") = "Task4", "Task4\Task4.csproj", "{5E64D307-AEEF-44C6-9144-4B3365FF2100}"
EndProject
Global
	GlobalSection(SolutionConfigurationPlatforms) = preSolution
		Debug|Any CPU = Debug|Any CPU
		Release|Any CPU = Release|Any CPU
	EndGlobalSection
	GlobalSection(ProjectConfigurationPlatforms) = postSolution
		{8C647A10-607C-4BD1-9F7B-4FA0684060C8}.Debug|Any CPU.ActiveCfg = Debug|Any CPU
		{8C647A10-607C-4BD1-9F7B-4FA0684060C8}.Debug|Any CPU.Build.0 = Debug|Any CPU
		{8C647A10-607C-4BD1-9F7B-4FA0684060C8}.Release|Any CPU.ActiveCfg = Release|Any CPU
		{8C647A10-607C-4BD1-9F7B-4FA0684060C8}.Release|Any CPU.Build.0 = Release|Any CPU
		{3A7DF5D0-85AF-4CF3-AEFB-50ECCDF25367}.Debug|Any CPU.ActiveCfg = Debug|Any CPU
		{3A7DF5D0-85AF-4CF3-AEFB-50ECCDF25367}.Debug|Any CPU.Build.0 = Debug|Any CPU
		{3A7DF5D0-85AF-4CF3-AEFB-50ECCDF25367}.Release|Any CPU.ActiveCfg = Release|Any CPU
		{3A7DF5D0-85AF-4CF3-AEFB-50ECCDF25367}.Release|Any CPU.Build.0 = Release|Any CPU
		{03FFF8A0-00E9-4C9C-9DA7-0973715FCADD}.Debug|Any CPU.ActiveCfg = Debug|Any CPU
		{03FFF8A0-00E9-4C9C-9DA7-0973715FCADD}.Debug|Any CPU.Build.0 = Debug|Any CPU
		{03FFF8A0-00E9-4C9C-9DA7-0973715FCADD}.Release|Any CPU.ActiveCfg = Release|Any CPU
		{03FFF8A0-00E9-4C9C-9DA7-0973715FCADD}.Release|Any CPU.Build.0 = Release|Any CPU
		{5E64D307-AEEF-44C6-9144-4B3365FF2100}.Debug|Any CPU.ActiveCfg = Debug|Any CPU
		{5E64D307-AEEF-44C6-9144-4B3365FF2100}.Debug|Any CPU.Build.0 = Debug|Any CPU
		{5E64D307-AEEF-44C6-9144-4B3365FF2100}.Release|Any CPU.ActiveCfg = Release|Any CPU
		{5E64D307-AEEF-44C6-9144-4B3365FF2100}.Release|Any CPU.Build.0 = Release|Any CPU
	EndGlobalSection
	GlobalSection(SolutionProperties) = preSolution
		HideSolutionNode = FALSE
	EndGlobalSection
	GlobalSection(ExtensibilityGlobals) = postSolution
		SolutionGuid = {963AF737-63DB-445E-8762-7A730DD86B68}
	EndGlobalSection
EndGlobal
