
Microsoft Visual Studio Solution File, Format Version 12.00
# Visual Studio Version 17
VisualStudioVersion = 17.5.33530.505
MinimumVisualStudioVersion = 10.0.40219.1
Project("{FAE04EC0-301F-11D3-BF4B-00C04F79EFBC}") = "Task1", "Task1\Task1.csproj", "{092169C9-15AE-496E-8CE3-4CA73338BAD1}"
EndProject
Global
	GlobalSection(SolutionConfigurationPlatforms) = preSolution
		Debug|Any CPU = Debug|Any CPU
		Release|Any CPU = Release|Any CPU
	EndGlobalSection
	GlobalSection(ProjectConfigurationPlatforms) = postSolution
		{092169C9-15AE-496E-8CE3-4CA73338BAD1}.Debug|Any CPU.ActiveCfg = Debug|Any CPU
		{092169C9-15AE-496E-8CE3-4CA73338BAD1}.Debug|Any CPU.Build.0 = Debug|Any CPU
		{092169C9-15AE-496E-8CE3-4CA73338BAD1}.Release|Any CPU.ActiveCfg = Release|Any CPU
		{092169C9-15AE-496E-8CE3-4CA73338BAD1}.Release|Any CPU.Build.0 = Release|Any CPU
	EndGlobalSection
	GlobalSection(SolutionProperties) = preSolution
		HideSolutionNode = FALSE
	EndGlobalSection
	GlobalSection(ExtensibilityGlobals) = postSolution
		SolutionGuid = {ADF2B854-1DB4-4DCD-A5F8-B9C86B726DCF}
	EndGlobalSection
EndGlobal
