
Microsoft Visual Studio Solution File, Format Version 12.00
# Visual Studio Version 17
VisualStudioVersion = 17.3.32901.215
MinimumVisualStudioVersion = 10.0.40219.1
Project("{9A19103F-16F7-4668-BE54-9A1E7A4F7556}") = "Task1", "Task1\Task1.csproj", "{ACA94454-1FAB-4845-AB0B-A26EE6278672}"
EndProject
Project("{9A19103F-16F7-4668-BE54-9A1E7A4F7556}") = "Task2", "Task2\Task2.csproj", "{EA13BE39-C6C4-4EBC-B4CF-9A0BDC8FFE19}"
EndProject
Project("{9A19103F-16F7-4668-BE54-9A1E7A4F7556}") = "Task3", "Task3\Task3.csproj", "{98881F80-4B80-49EB-8C96-7D9D01F7254B}"
EndProject
Project("{9A19103F-16F7-4668-BE54-9A1E7A4F7556}") = "Task4", "Task4\Task4.csproj", "{A8491512-FDC3-4315-8D5C-D738728A99F9}"
EndProject
Project("{FAE04EC0-301F-11D3-BF4B-00C04F79EFBC}") = "Task5", "Task5\Task5.csproj", "{17075EC4-B3BA-446F-AD07-43D1862B27F6}"
EndProject
Global
	GlobalSection(SolutionConfigurationPlatforms) = preSolution
		Debug|Any CPU = Debug|Any CPU
		Release|Any CPU = Release|Any CPU
	EndGlobalSection
	GlobalSection(ProjectConfigurationPlatforms) = postSolution
		{ACA94454-1FAB-4845-AB0B-A26EE6278672}.Debug|Any CPU.ActiveCfg = Debug|Any CPU
		{ACA94454-1FAB-4845-AB0B-A26EE6278672}.Debug|Any CPU.Build.0 = Debug|Any CPU
		{ACA94454-1FAB-4845-AB0B-A26EE6278672}.Release|Any CPU.ActiveCfg = Release|Any CPU
		{ACA94454-1FAB-4845-AB0B-A26EE6278672}.Release|Any CPU.Build.0 = Release|Any CPU
		{EA13BE39-C6C4-4EBC-B4CF-9A0BDC8FFE19}.Debug|Any CPU.ActiveCfg = Debug|Any CPU
		{EA13BE39-C6C4-4EBC-B4CF-9A0BDC8FFE19}.Debug|Any CPU.Build.0 = Debug|Any CPU
		{EA13BE39-C6C4-4EBC-B4CF-9A0BDC8FFE19}.Release|Any CPU.ActiveCfg = Release|Any CPU
		{EA13BE39-C6C4-4EBC-B4CF-9A0BDC8FFE19}.Release|Any CPU.Build.0 = Release|Any CPU
		{98881F80-4B80-49EB-8C96-7D9D01F7254B}.Debug|Any CPU.ActiveCfg = Debug|Any CPU
		{98881F80-4B80-49EB-8C96-7D9D01F7254B}.Debug|Any CPU.Build.0 = Debug|Any CPU
		{98881F80-4B80-49EB-8C96-7D9D01F7254B}.Release|Any CPU.ActiveCfg = Release|Any CPU
		{98881F80-4B80-49EB-8C96-7D9D01F7254B}.Release|Any CPU.Build.0 = Release|Any CPU
		{A8491512-FDC3-4315-8D5C-D738728A99F9}.Debug|Any CPU.ActiveCfg = Debug|Any CPU
		{A8491512-FDC3-4315-8D5C-D738728A99F9}.Debug|Any CPU.Build.0 = Debug|Any CPU
		{A8491512-FDC3-4315-8D5C-D738728A99F9}.Release|Any CPU.ActiveCfg = Release|Any CPU
		{A8491512-FDC3-4315-8D5C-D738728A99F9}.Release|Any CPU.Build.0 = Release|Any CPU
		{17075EC4-B3BA-446F-AD07-43D1862B27F6}.Debug|Any CPU.ActiveCfg = Debug|Any CPU
		{17075EC4-B3BA-446F-AD07-43D1862B27F6}.Debug|Any CPU.Build.0 = Debug|Any CPU
		{17075EC4-B3BA-446F-AD07-43D1862B27F6}.Release|Any CPU.ActiveCfg = Release|Any CPU
		{17075EC4-B3BA-446F-AD07-43D1862B27F6}.Release|Any CPU.Build.0 = Release|Any CPU
	EndGlobalSection
	GlobalSection(SolutionProperties) = preSolution
		HideSolutionNode = FALSE
	EndGlobalSection
	GlobalSection(ExtensibilityGlobals) = postSolution
		SolutionGuid = {88424CC3-20D8-409E-9315-B37F6C0685BF}
	EndGlobalSection
EndGlobal
