
Microsoft Visual Studio Solution File, Format Version 12.00
# Visual Studio Version 17
VisualStudioVersion = 17.5.33530.505
MinimumVisualStudioVersion = 10.0.40219.1
Project("{FAE04EC0-301F-11D3-BF4B-00C04F79EFBC}") = "Les23Task2", "Les23Task2\Les23Task2.csproj", "{6DA57147-2A66-4774-A196-31DD432268B7}"
EndProject
Global
	GlobalSection(SolutionConfigurationPlatforms) = preSolution
		Debug|Any CPU = Debug|Any CPU
		Release|Any CPU = Release|Any CPU
	EndGlobalSection
	GlobalSection(ProjectConfigurationPlatforms) = postSolution
		{6DA57147-2A66-4774-A196-31DD432268B7}.Debug|Any CPU.ActiveCfg = Debug|Any CPU
		{6DA57147-2A66-4774-A196-31DD432268B7}.Debug|Any CPU.Build.0 = Debug|Any CPU
		{6DA57147-2A66-4774-A196-31DD432268B7}.Release|Any CPU.ActiveCfg = Release|Any CPU
		{6DA57147-2A66-4774-A196-31DD432268B7}.Release|Any CPU.Build.0 = Release|Any CPU
	EndGlobalSection
	GlobalSection(SolutionProperties) = preSolution
		HideSolutionNode = FALSE
	EndGlobalSection
	GlobalSection(ExtensibilityGlobals) = postSolution
		SolutionGuid = {248E1288-22C7-4B60-868F-81189ABD06DE}
	EndGlobalSection
EndGlobal
