
Microsoft Visual Studio Solution File, Format Version 12.00
# Visual Studio Version 17
VisualStudioVersion = 17.5.33530.505
MinimumVisualStudioVersion = 10.0.40219.1
Project("{FAE04EC0-301F-11D3-BF4B-00C04F79EFBC}") = "Les23", "Les23\Les23.csproj", "{98656DA6-C06C-41D5-BFD3-BD4EB77D7C3A}"
EndProject
Global
	GlobalSection(SolutionConfigurationPlatforms) = preSolution
		Debug|Any CPU = Debug|Any CPU
		Release|Any CPU = Release|Any CPU
	EndGlobalSection
	GlobalSection(ProjectConfigurationPlatforms) = postSolution
		{98656DA6-C06C-41D5-BFD3-BD4EB77D7C3A}.Debug|Any CPU.ActiveCfg = Debug|Any CPU
		{98656DA6-C06C-41D5-BFD3-BD4EB77D7C3A}.Debug|Any CPU.Build.0 = Debug|Any CPU
		{98656DA6-C06C-41D5-BFD3-BD4EB77D7C3A}.Release|Any CPU.ActiveCfg = Release|Any CPU
		{98656DA6-C06C-41D5-BFD3-BD4EB77D7C3A}.Release|Any CPU.Build.0 = Release|Any CPU
	EndGlobalSection
	GlobalSection(SolutionProperties) = preSolution
		HideSolutionNode = FALSE
	EndGlobalSection
	GlobalSection(ExtensibilityGlobals) = postSolution
		SolutionGuid = {FB0C65B4-3122-4CDA-B450-6C0D26664C12}
	EndGlobalSection
EndGlobal
